
Microsoft Visual Studio Solution File, Format Version 12.00
# Visual Studio 15
VisualStudioVersion = 15.0.28307.572
MinimumVisualStudioVersion = 10.0.40219.1
Project("{FAE04EC0-301F-11D3-BF4B-00C04F79EFBC}") = "Game-of-Characters", "Game-of-Characters\Game-of-Characters.csproj", "{200B89ED-2E7A-4792-8AF6-728494F7C61D}"
EndProject
Global
	GlobalSection(SolutionConfigurationPlatforms) = preSolution
		Debug|Any CPU = Debug|Any CPU
		Release|Any CPU = Release|Any CPU
	EndGlobalSection
	GlobalSection(ProjectConfigurationPlatforms) = postSolution
		{200B89ED-2E7A-4792-8AF6-728494F7C61D}.Debug|Any CPU.ActiveCfg = Debug|Any CPU
		{200B89ED-2E7A-4792-8AF6-728494F7C61D}.Debug|Any CPU.Build.0 = Debug|Any CPU
		{200B89ED-2E7A-4792-8AF6-728494F7C61D}.Release|Any CPU.ActiveCfg = Release|Any CPU
		{200B89ED-2E7A-4792-8AF6-728494F7C61D}.Release|Any CPU.Build.0 = Release|Any CPU
	EndGlobalSection
	GlobalSection(SolutionProperties) = preSolution
		HideSolutionNode = FALSE
	EndGlobalSection
	GlobalSection(ExtensibilityGlobals) = postSolution
		SolutionGuid = {C21D7615-55B3-4947-8E31-FA10417E1D82}
	EndGlobalSection
EndGlobal
